
Microsoft Visual Studio Solution File, Format Version 12.00
# Visual Studio 15
VisualStudioVersion = 15.0.27703.2042
MinimumVisualStudioVersion = 10.0.40219.1
Project("{9A19103F-16F7-4668-BE54-9A1E7A4F7556}") = "WebAPI", "WebAPI.csproj", "{7A2792F7-F6A2-4178-B3BC-7EA74482F9F1}"
EndProject
Global
	GlobalSection(SolutionConfigurationPlatforms) = preSolution
		Debug|Any CPU = Debug|Any CPU
		Release|Any CPU = Release|Any CPU
	EndGlobalSection
	GlobalSection(ProjectConfigurationPlatforms) = postSolution
		{7A2792F7-F6A2-4178-B3BC-7EA74482F9F1}.Debug|Any CPU.ActiveCfg = Debug|Any CPU
		{7A2792F7-F6A2-4178-B3BC-7EA74482F9F1}.Debug|Any CPU.Build.0 = Debug|Any CPU
		{7A2792F7-F6A2-4178-B3BC-7EA74482F9F1}.Release|Any CPU.ActiveCfg = Release|Any CPU
		{7A2792F7-F6A2-4178-B3BC-7EA74482F9F1}.Release|Any CPU.Build.0 = Release|Any CPU
	EndGlobalSection
	GlobalSection(SolutionProperties) = preSolution
		HideSolutionNode = FALSE
	EndGlobalSection
	GlobalSection(ExtensibilityGlobals) = postSolution
		SolutionGuid = {C590D1A3-F50C-411B-8BFA-7C62B87C6591}
	EndGlobalSection
EndGlobal
